
Microsoft Visual Studio Solution File, Format Version 12.00
# Visual Studio Version 16
VisualStudioVersion = 16.0.30907.101
MinimumVisualStudioVersion = 10.0.40219.1
Project("{9A19103F-16F7-4668-BE54-9A1E7A4F7556}") = "1. Two Sum", "Solution\1. Two Sum.csproj", "{6FF4DA0F-2F96-4D2D-8481-D3FC16AFF893}"
EndProject
Global
	GlobalSection(SolutionConfigurationPlatforms) = preSolution
		Debug|Any CPU = Debug|Any CPU
		Release|Any CPU = Release|Any CPU
	EndGlobalSection
	GlobalSection(ProjectConfigurationPlatforms) = postSolution
		{6FF4DA0F-2F96-4D2D-8481-D3FC16AFF893}.Debug|Any CPU.ActiveCfg = Debug|Any CPU
		{6FF4DA0F-2F96-4D2D-8481-D3FC16AFF893}.Debug|Any CPU.Build.0 = Debug|Any CPU
		{6FF4DA0F-2F96-4D2D-8481-D3FC16AFF893}.Release|Any CPU.ActiveCfg = Release|Any CPU
		{6FF4DA0F-2F96-4D2D-8481-D3FC16AFF893}.Release|Any CPU.Build.0 = Release|Any CPU
	EndGlobalSection
	GlobalSection(SolutionProperties) = preSolution
		HideSolutionNode = FALSE
	EndGlobalSection
	GlobalSection(ExtensibilityGlobals) = postSolution
		SolutionGuid = {1B9213CD-2567-4166-8295-F74FC106F637}
	EndGlobalSection
EndGlobal
